
Microsoft Visual Studio Solution File, Format Version 12.00
# Visual Studio Version 17
VisualStudioVersion = 17.9.34728.123
MinimumVisualStudioVersion = 10.0.40219.1
Project("{9A19103F-16F7-4668-BE54-9A1E7A4F7556}") = "ST10451547_APPLICATION_PROGRAMMING_PART2", "ST10451547_APPLICATION_PROGRAMMING_PART2\ST10451547_APPLICATION_PROGRAMMING_PART2.csproj", "{2882AE94-065B-4D77-83A0-A898119EA142}"
EndProject
Project("{9A19103F-16F7-4668-BE54-9A1E7A4F7556}") = "ST10451547_APPLICATION_PROGRAMMING_PART2.BusinessLogic", "ST10451547_APPLICATION_PROGRAMMING_PART2.BusinessLogic\ST10451547_APPLICATION_PROGRAMMING_PART2.BusinessLogic.csproj", "{0D4581D4-02AC-4CC4-9067-0BBF59620EF5}"
EndProject
Project("{9A19103F-16F7-4668-BE54-9A1E7A4F7556}") = "ST10451547_APPLICATION_PROGRAMMING_PART2.Data", "ST10451547_APPLICATION_PROGRAMMING_PART2.Data\ST10451547_APPLICATION_PROGRAMMING_PART2.Data.csproj", "{410873C1-06C7-4447-9B62-DD0B3001ABC2}"
EndProject
Project("{FAE04EC0-301F-11D3-BF4B-00C04F79EFBC}") = "ST10451547_APPLICATION_PROGRAMMING_PART2.Common", "ST10451547_APPLICATION_PROGRAMMING_PART2.Common\ST10451547_APPLICATION_PROGRAMMING_PART2.Common.csproj", "{6458FC55-4ED8-437D-9C5E-13572186884B}"
EndProject
Global
	GlobalSection(SolutionConfigurationPlatforms) = preSolution
		Debug|Any CPU = Debug|Any CPU
		Release|Any CPU = Release|Any CPU
	EndGlobalSection
	GlobalSection(ProjectConfigurationPlatforms) = postSolution
		{2882AE94-065B-4D77-83A0-A898119EA142}.Debug|Any CPU.ActiveCfg = Debug|Any CPU
		{2882AE94-065B-4D77-83A0-A898119EA142}.Debug|Any CPU.Build.0 = Debug|Any CPU
		{2882AE94-065B-4D77-83A0-A898119EA142}.Release|Any CPU.ActiveCfg = Release|Any CPU
		{2882AE94-065B-4D77-83A0-A898119EA142}.Release|Any CPU.Build.0 = Release|Any CPU
		{0D4581D4-02AC-4CC4-9067-0BBF59620EF5}.Debug|Any CPU.ActiveCfg = Debug|Any CPU
		{0D4581D4-02AC-4CC4-9067-0BBF59620EF5}.Debug|Any CPU.Build.0 = Debug|Any CPU
		{0D4581D4-02AC-4CC4-9067-0BBF59620EF5}.Release|Any CPU.ActiveCfg = Release|Any CPU
		{0D4581D4-02AC-4CC4-9067-0BBF59620EF5}.Release|Any CPU.Build.0 = Release|Any CPU
		{410873C1-06C7-4447-9B62-DD0B3001ABC2}.Debug|Any CPU.ActiveCfg = Debug|Any CPU
		{410873C1-06C7-4447-9B62-DD0B3001ABC2}.Debug|Any CPU.Build.0 = Debug|Any CPU
		{410873C1-06C7-4447-9B62-DD0B3001ABC2}.Release|Any CPU.ActiveCfg = Release|Any CPU
		{410873C1-06C7-4447-9B62-DD0B3001ABC2}.Release|Any CPU.Build.0 = Release|Any CPU
		{6458FC55-4ED8-437D-9C5E-13572186884B}.Debug|Any CPU.ActiveCfg = Debug|Any CPU
		{6458FC55-4ED8-437D-9C5E-13572186884B}.Debug|Any CPU.Build.0 = Debug|Any CPU
		{6458FC55-4ED8-437D-9C5E-13572186884B}.Release|Any CPU.ActiveCfg = Release|Any CPU
		{6458FC55-4ED8-437D-9C5E-13572186884B}.Release|Any CPU.Build.0 = Release|Any CPU
	EndGlobalSection
	GlobalSection(SolutionProperties) = preSolution
		HideSolutionNode = FALSE
	EndGlobalSection
	GlobalSection(ExtensibilityGlobals) = postSolution
		SolutionGuid = {4CA68610-9F00-44D7-B28E-9A6BAF83ACDC}
	EndGlobalSection
EndGlobal
